// !$*UTF8*$!
{
	archiveVersion = 1;
	classes = {
	};
	objectVersion = 46;
	objects = {

/* Begin PBXBuildFile section */
		6E03CA991AE931720026CB38 /* AppDelegate.swift in Sources */ = {isa = PBXBuildFile; fileRef = 6E03CA981AE931720026CB38 /* AppDelegate.swift */; };
		6E03CA9B1AE931720026CB38 /* ViewController.swift in Sources */ = {isa = PBXBuildFile; fileRef = 6E03CA9A1AE931720026CB38 /* ViewController.swift */; };
		6E03CA9E1AE931720026CB38 /* Main.storyboard in Resources */ = {isa = PBXBuildFile; fileRef = 6E03CA9C1AE931720026CB38 /* Main.storyboard */; };
		6E03CAA01AE931720026CB38 /* Images.xcassets in Resources */ = {isa = PBXBuildFile; fileRef = 6E03CA9F1AE931720026CB38 /* Images.xcassets */; };
		6E03CAA31AE931720026CB38 /* LaunchScreen.xib in Resources */ = {isa = PBXBuildFile; fileRef = 6E03CAA11AE931720026CB38 /* LaunchScreen.xib */; };
		6E03CAAF1AE931720026CB38 /* Project_ScottTests.swift in Sources */ = {isa = PBXBuildFile; fileRef = 6E03CAAE1AE931720026CB38 /* Project_ScottTests.swift */; };
/* End PBXBuildFile section */

/* Begin PBXContainerItemProxy section */
		6E03CAA91AE931720026CB38 /* PBXContainerItemProxy */ = {
			isa = PBXContainerItemProxy;
			containerPortal = 6E03CA8B1AE931720026CB38 /* Project object */;
			proxyType = 1;
			remoteGlobalIDString = 6E03CA921AE931720026CB38;
			remoteInfo = "Project-Scott";
		};
/* End PBXContainerItemProxy section */

/* Begin PBXFileReference section */
		6E03CA931AE931720026CB38 /* Project-Scott.app */ = {isa = PBXFileReference; explicitFileType = wrapper.application; includeInIndex = 0; path = "Project-Scott.app"; sourceTree = BUILT_PRODUCTS_DIR; };
		6E03CA971AE931720026CB38 /* Info.plist */ = {isa = PBXFileReference; lastKnownFileType = text.plist.xml; path = Info.plist; sourceTree = "<group>"; };
		6E03CA981AE931720026CB38 /* AppDelegate.swift */ = {isa = PBXFileReference; lastKnownFileType = sourcecode.swift; path = AppDelegate.swift; sourceTree = "<group>"; };
		6E03CA9A1AE931720026CB38 /* ViewController.swift */ = {isa = PBXFileReference; lastKnownFileType = sourcecode.swift; path = ViewController.swift; sourceTree = "<group>"; };
		6E03CA9D1AE931720026CB38 /* Base */ = {isa = PBXFileReference; lastKnownFileType = file.storyboard; name = Base; path = Base.lproj/Main.storyboard; sourceTree = "<group>"; };
		6E03CA9F1AE931720026CB38 /* Images.xcassets */ = {isa = PBXFileReference; lastKnownFileType = folder.assetcatalog; path = Images.xcassets; sourceTree = "<group>"; };
		6E03CAA21AE931720026CB38 /* Base */ = {isa = PBXFileReference; lastKnownFileType = file.xib; name = Base; path = Base.lproj/LaunchScreen.xib; sourceTree = "<group>"; };
		6E03CAA81AE931720026CB38 /* Project-ScottTests.xctest */ = {isa = PBXFileReference; explicitFileType = wrapper.cfbundle; includeInIndex = 0; path = "Project-ScottTests.xctest"; sourceTree = BUILT_PRODUCTS_DIR; };
		6E03CAAD1AE931720026CB38 /* Info.plist */ = {isa = PBXFileReference; lastKnownFileType = text.plist.xml; path = Info.plist; sourceTree = "<group>"; };
		6E03CAAE1AE931720026CB38 /* Project_ScottTests.swift */ = {isa = PBXFileReference; lastKnownFileType = sourcecode.swift; path = Project_ScottTests.swift; sourceTree = "<group>"; };
/* End PBXFileReference section */

/* Begin PBXFrameworksBuildPhase section */
		6E03CA901AE931720026CB38 /* Frameworks */ = {
			isa = PBXFrameworksBuildPhase;
			buildActionMask = 2147483647;
			files = (
			);
			runOnlyForDeploymentPostprocessing = 0;
		};
		6E03CAA51AE931720026CB38 /* Frameworks */ = {
			isa = PBXFrameworksBuildPhase;
			buildActionMask = 2147483647;
			files = (
			);
			runOnlyForDeploymentPostprocessing = 0;
		};
/* End PBXFrameworksBuildPhase section */

/* Begin PBXGroup section */
		6E03CA8A1AE931720026CB38 = {
			isa = PBXGroup;
			children = (
				6E03CA951AE931720026CB38 /* Project-Scott */,
				6E03CAAB1AE931720026CB38 /* Project-ScottTests */,
				6E03CA941AE931720026CB38 /* Products */,
			);
			sourceTree = "<group>";
		};
		6E03CA941AE931720026CB38 /* Products */ = {
			isa = PBXGroup;
			children = (
				6E03CA931AE931720026CB38 /* Project-Scott.app */,
				6E03CAA81AE931720026CB38 /* Project-ScottTests.xctest */,
			);
			name = Products;
			sourceTree = "<group>";
		};
		6E03CA951AE931720026CB38 /* Project-Scott */ = {
			isa = PBXGroup;
			children = (
				6E03CA981AE931720026CB38 /* AppDelegate.swift */,
				6E03CA9A1AE931720026CB38 /* ViewController.swift */,
				6E03CA9C1AE931720026CB38 /* Main.storyboard */,
				6E03CA9F1AE931720026CB38 /* Images.xcassets */,
				6E03CAA11AE931720026CB38 /* LaunchScreen.xib */,
				6E03CA961AE931720026CB38 /* Supporting Files */,
			);
			path = "Project-Scott";
			sourceTree = "<group>";
		};
		6E03CA961AE931720026CB38 /* Supporting Files */ = {
			isa = PBXGroup;
			children = (
				6E03CA971AE931720026CB38 /* Info.plist */,
			);
			name = "Supporting Files";
			sourceTree = "<group>";
		};
		6E03CAAB1AE931720026CB38 /* Project-ScottTests */ = {
			isa = PBXGroup;
			children = (
				6E03CAAE1AE931720026CB38 /* Project_ScottTests.swift */,
				6E03CAAC1AE931720026CB38 /* Supporting Files */,
			);
			path = "Project-ScottTests";
			sourceTree = "<group>";
		};
		6E03CAAC1AE931720026CB38 /* Supporting Files */ = {
			isa = PBXGroup;
			children = (
				6E03CAAD1AE931720026CB38 /* Info.plist */,
			);
			name = "Supporting Files";
			sourceTree = "<group>";
		};
/* End PBXGroup section */

/* Begin PBXNativeTarget section */
		6E03CA921AE931720026CB38 /* Project-Scott */ = {
			isa = PBXNativeTarget;
			buildConfigurationList = 6E03CAB21AE931720026CB38 /* Build configuration list for PBXNativeTarget "Project-Scott" */;
			buildPhases = (
				6E03CA8F1AE931720026CB38 /* Sources */,
				6E03CA901AE931720026CB38 /* Frameworks */,
				6E03CA911AE931720026CB38 /* Resources */,
			);
			buildRules = (
			);
			dependencies = (
			);
			name = "Project-Scott";
			productName = "Project-Scott";
			productReference = 6E03CA931AE931720026CB38 /* Project-Scott.app */;
			productType = "com.apple.product-type.application";
		};
		6E03CAA71AE931720026CB38 /* Project-ScottTests */ = {
			isa = PBXNativeTarget;
			buildConfigurationList = 6E03CAB51AE931720026CB38 /* Build configuration list for PBXNativeTarget "Project-ScottTests" */;
			buildPhases = (
				6E03CAA41AE931720026CB38 /* Sources */,
				6E03CAA51AE931720026CB38 /* Frameworks */,
				6E03CAA61AE931720026CB38 /* Resources */,
			);
			buildRules = (
			);
			dependencies = (
				6E03CAAA1AE931720026CB38 /* PBXTargetDependency */,
			);
			name = "Project-ScottTests";
			productName = "Project-ScottTests";
			productReference = 6E03CAA81AE931720026CB38 /* Project-ScottTests.xctest */;
			productType = "com.apple.product-type.bundle.unit-test";
		};
/* End PBXNativeTarget section */

/* Begin PBXProject section */
		6E03CA8B1AE931720026CB38 /* Project object */ = {
			isa = PBXProject;
			attributes = {
				LastUpgradeCheck = 0630;
				ORGANIZATIONNAME = "edn-1";
				TargetAttributes = {
					6E03CA921AE931720026CB38 = {
						CreatedOnToolsVersion = 6.3.1;
					};
					6E03CAA71AE931720026CB38 = {
						CreatedOnToolsVersion = 6.3.1;
						TestTargetID = 6E03CA921AE931720026CB38;
					};
				};
			};
			buildConfigurationList = 6E03CA8E1AE931720026CB38 /* Build configuration list for PBXProject "Project-Scott" */;
			compatibilityVersion = "Xcode 3.2";
			developmentRegion = English;
			hasScannedForEncodings = 0;
			knownRegions = (
				en,
				Base,
			);
			mainGroup = 6E03CA8A1AE931720026CB38;
			productRefGroup = 6E03CA941AE931720026CB38 /* Products */;
			projectDirPath = "";
			projectRoot = "";
			targets = (
				6E03CA921AE931720026CB38 /* Project-Scott */,
				6E03CAA71AE931720026CB38 /* Project-ScottTests */,
			);
		};
/* End PBXProject section */

/* Begin PBXResourcesBuildPhase section */
		6E03CA911AE931720026CB38 /* Resources */ = {
			isa = PBXResourcesBuildPhase;
			buildActionMask = 2147483647;
			files = (
				6E03CA9E1AE931720026CB38 /* Main.storyboard in Resources */,
				6E03CAA31AE931720026CB38 /* LaunchScreen.xib in Resources */,
				6E03CAA01AE931720026CB38 /* Images.xcassets in Resources */,
			);
			runOnlyForDeploymentPostprocessing = 0;
		};
		6E03CAA61AE931720026CB38 /* Resources */ = {
			isa = PBXResourcesBuildPhase;
			buildActionMask = 2147483647;
			files = (
			);
			runOnlyForDeploymentPostprocessing = 0;
		};
/* End PBXResourcesBuildPhase section */

/* Begin PBXSourcesBuildPhase section */
		6E03CA8F1AE931720026CB38 /* Sources */ = {
			isa = PBXSourcesBuildPhase;
			buildActionMask = 2147483647;
			files = (
				6E03CA9B1AE931720026CB38 /* ViewController.swift in Sources */,
				6E03CA991AE931720026CB38 /* AppDelegate.swift in Sources */,
			);
			runOnlyForDeploymentPostprocessing = 0;
		};
		6E03CAA41AE931720026CB38 /* Sources */ = {
			isa = PBXSourcesBuildPhase;
			buildActionMask = 2147483647;
			files = (
				6E03CAAF1AE931720026CB38 /* Project_ScottTests.swift in Sources */,
			);
			runOnlyForDeploymentPostprocessing = 0;
		};
/* End PBXSourcesBuildPhase section */

/* Begin PBXTargetDependency section */
		6E03CAAA1AE931720026CB38 /* PBXTargetDependency */ = {
			isa = PBXTargetDependency;
			target = 6E03CA921AE931720026CB38 /* Project-Scott */;
			targetProxy = 6E03CAA91AE931720026CB38 /* PBXContainerItemProxy */;
		};
/* End PBXTargetDependency section */

/* Begin PBXVariantGroup section */
		6E03CA9C1AE931720026CB38 /* Main.storyboard */ = {
			isa = PBXVariantGroup;
			children = (
				6E03CA9D1AE931720026CB38 /* Base */,
			);
			name = Main.storyboard;
			sourceTree = "<group>";
		};
		6E03CAA11AE931720026CB38 /* LaunchScreen.xib */ = {
			isa = PBXVariantGroup;
			children = (
				6E03CAA21AE931720026CB38 /* Base */,
			);
			name = LaunchScreen.xib;
			sourceTree = "<group>";
		};
/* End PBXVariantGroup section */

/* Begin XCBuildConfiguration section */
		6E03CAB01AE931720026CB38 /* Debug */ = {
			isa = XCBuildConfiguration;
			buildSettings = {
				ALWAYS_SEARCH_USER_PATHS = NO;
				CLANG_CXX_LANGUAGE_STANDARD = "gnu++0x";
				CLANG_CXX_LIBRARY = "libc++";
				CLANG_ENABLE_MODULES = YES;
				CLANG_ENABLE_OBJC_ARC = YES;
				CLANG_WARN_BOOL_CONVERSION = YES;
				CLANG_WARN_CONSTANT_CONVERSION = YES;
				CLANG_WARN_DIRECT_OBJC_ISA_USAGE = YES_ERROR;
				CLANG_WARN_EMPTY_BODY = YES;
				CLANG_WARN_ENUM_CONVERSION = YES;
				CLANG_WARN_INT_CONVERSION = YES;
				CLANG_WARN_OBJC_ROOT_CLASS = YES_ERROR;
				CLANG_WARN_UNREACHABLE_CODE = YES;
				CLANG_WARN__DUPLICATE_METHOD_MATCH = YES;
				"CODE_SIGN_IDENTITY[sdk=iphoneos*]" = "iPhone Developer";
				COPY_PHASE_STRIP = NO;
				DEBUG_INFORMATION_FORMAT = "dwarf-with-dsym";
				ENABLE_STRICT_OBJC_MSGSEND = YES;
				GCC_C_LANGUAGE_STANDARD = gnu99;
				GCC_DYNAMIC_NO_PIC = NO;
				GCC_NO_COMMON_BLOCKS = YES;
				GCC_OPTIMIZATION_LEVEL = 0;
				GCC_PREPROCESSOR_DEFINITIONS = (
					"DEBUG=1",
					"$(inherited)",
				);
				GCC_SYMBOLS_PRIVATE_EXTERN = NO;
				GCC_WARN_64_TO_32_BIT_CONVERSION = YES;
				GCC_WARN_ABOUT_RETURN_TYPE = YES_ERROR;
				GCC_WARN_UNDECLARED_SELECTOR = YES;
				GCC_WARN_UNINITIALIZED_AUTOS = YES_AGGRESSIVE;
				GCC_WARN_UNUSED_FUNCTION = YES;
				GCC_WARN_UNUSED_VARIABLE = YES;
				IPHONEOS_DEPLOYMENT_TARGET = 8.3;
				MTL_ENABLE_DEBUG_INFO = YES;
				ONLY_ACTIVE_ARCH = YES;
				SDKROOT = iphoneos;
				SWIFT_OPTIMIZATION_LEVEL = "-Onone";
				TARGETED_DEVICE_FAMILY = "1,2";
			};
			name = Debug;
		};
		6E03CAB11AE931720026CB38 /* Release */ = {
			isa = XCBuildConfiguration;
			buildSettings = {
				ALWAYS_SEARCH_USER_PATHS = NO;
				CLANG_CXX_LANGUAGE_STANDARD = "gnu++0x";
				CLANG_CXX_LIBRARY = "libc++";
				CLANG_ENABLE_MODULES = YES;
				CLANG_ENABLE_OBJC_ARC = YES;
				CLANG_WARN_BOOL_CONVERSION = YES;
				CLANG_WARN_CONSTANT_CONVERSION = YES;
				CLANG_WARN_DIRECT_OBJC_ISA_USAGE = YES_ERROR;
				CLANG_WARN_EMPTY_BODY = YES;
				CLANG_WARN_ENUM_CONVERSION = YES;
				CLANG_WARN_INT_CONVERSION = YES;
				CLANG_WARN_OBJC_ROOT_CLASS = YES_ERROR;
				CLANG_WARN_UNREACHABLE_CODE = YES;
				CLANG_WARN__DUPLICATE_METHOD_MATCH = YES;
				"CODE_SIGN_IDENTITY[sdk=iphoneos*]" = "iPhone Developer";
				COPY_PHASE_STRIP = NO;
				DEBUG_INFORMATION_FORMAT = "dwarf-with-dsym";
				ENABLE_NS_ASSERTIONS = NO;
				ENABLE_STRICT_OBJC_MSGSEND = YES;
				GCC_C_LANGUAGE_STANDARD = gnu99;
				GCC_NO_COMMON_BLOCKS = YES;
				GCC_WARN_64_TO_32_BIT_CONVERSION = YES;
				GCC_WARN_ABOUT_RETURN_TYPE = YES_ERROR;
				GCC_WARN_UNDECLARED_SELECTOR = YES;
				GCC_WARN_UNINITIALIZED_AUTOS = YES_AGGRESSIVE;
				GCC_WARN_UNUSED_FUNCTION = YES;
				GCC_WARN_UNUSED_VARIABLE = YES;
				IPHONEOS_DEPLOYMENT_TARGET = 8.3;
				MTL_ENABLE_DEBUG_INFO = NO;
				SDKROOT = iphoneos;
				TARGETED_DEVICE_FAMILY = "1,2";
				VALIDATE_PRODUCT = YES;
			};
			name = Release;
		};
		6E03CAB31AE931720026CB38 /* Debug */ = {
			isa = XCBuildConfiguration;
			buildSettings = {
				ASSETCATALOG_COMPILER_APPICON_NAME = AppIcon;
				INFOPLIST_FILE = "Project-Scott/Info.plist";
				LD_RUNPATH_SEARCH_PATHS = "$(inherited) @executable_path/Frameworks";
				PRODUCT_NAME = "$(TARGET_NAME)";
			};
			name = Debug;
		};
		6E03CAB41AE931720026CB38 /* Release */ = {
			isa = XCBuildConfiguration;
			buildSettings = {
				ASSETCATALOG_COMPILER_APPICON_NAME = AppIcon;
				INFOPLIST_FILE = "Project-Scott/Info.plist";
				LD_RUNPATH_SEARCH_PATHS = "$(inherited) @executable_path/Frameworks";
				PRODUCT_NAME = "$(TARGET_NAME)";
			};
			name = Release;
		};
		6E03CAB61AE931720026CB38 /* Debug */ = {
			isa = XCBuildConfiguration;
			buildSettings = {
				BUNDLE_LOADER = "$(TEST_HOST)";
				FRAMEWORK_SEARCH_PATHS = (
					"$(SDKROOT)/Developer/Library/Frameworks",
					"$(inherited)",
				);
				GCC_PREPROCESSOR_DEFINITIONS = (
					"DEBUG=1",
					"$(inherited)",
				);
				INFOPLIST_FILE = "Project-ScottTests/Info.plist";
				LD_RUNPATH_SEARCH_PATHS = "$(inherited) @executable_path/Frameworks @loader_path/Frameworks";
				PRODUCT_NAME = "$(TARGET_NAME)";
				TEST_HOST = "$(BUILT_PRODUCTS_DIR)/Project-Scott.app/Project-Scott";
			};
			name = Debug;
		};
		6E03CAB71AE931720026CB38 /* Release */ = {
			isa = XCBuildConfiguration;
			buildSettings = {
				BUNDLE_LOADER = "$(TEST_HOST)";
				FRAMEWORK_SEARCH_PATHS = (
					"$(SDKROOT)/Developer/Library/Frameworks",
					"$(inherited)",
				);
				INFOPLIST_FILE = "Project-ScottTests/Info.plist";
				LD_RUNPATH_SEARCH_PATHS = "$(inherited) @executable_path/Frameworks @loader_path/Frameworks";
				PRODUCT_NAME = "$(TARGET_NAME)";
				TEST_HOST = "$(BUILT_PRODUCTS_DIR)/Project-Scott.app/Project-Scott";
			};
			name = Release;
		};
/* End XCBuildConfiguration section */

/* Begin XCConfigurationList section */
		6E03CA8E1AE931720026CB38 /* Build configuration list for PBXProject "Project-Scott" */ = {
			isa = XCConfigurationList;
			buildConfigurations = (
				6E03CAB01AE931720026CB38 /* Debug */,
				6E03CAB11AE931720026CB38 /* Release */,
			);
			defaultConfigurationIsVisible = 0;
			defaultConfigurationName = Release;
		};
		6E03CAB21AE931720026CB38 /* Build configuration list for PBXNativeTarget "Project-Scott" */ = {
			isa = XCConfigurationList;
			buildConfigurations = (
				6E03CAB31AE931720026CB38 /* Debug */,
				6E03CAB41AE931720026CB38 /* Release */,
			);
			defaultConfigurationIsVisible = 0;
		};
		6E03CAB51AE931720026CB38 /* Build configuration list for PBXNativeTarget "Project-ScottTests" */ = {
			isa = XCConfigurationList;
			buildConfigurations = (
				6E03CAB61AE931720026CB38 /* Debug */,
				6E03CAB71AE931720026CB38 /* Release */,
			);
			defaultConfigurationIsVisible = 0;
		};
/* End XCConfigurationList section */
	};
	rootObject = 6E03CA8B1AE931720026CB38 /* Project object */;
}
